
Microsoft Visual Studio Solution File, Format Version 12.00
# Visual Studio Version 16
VisualStudioVersion = 16.0.30804.86
MinimumVisualStudioVersion = 10.0.40219.1
Project("{FAE04EC0-301F-11D3-BF4B-00C04F79EFBC}") = "WEBAPIWPFGIT", "WEBAPIWPFGIT\WEBAPIWPFGIT.csproj", "{47D1B78A-F7A3-4D68-81AF-A708320FEB2A}"
EndProject
Project("{FAE04EC0-301F-11D3-BF4B-00C04F79EFBC}") = "PCLRacunari", "PCLRacunari\PCLRacunari.csproj", "{FEA375FD-AB50-4DC6-B04E-D95A5E325C1E}"
EndProject
Project("{FAE04EC0-301F-11D3-BF4B-00C04F79EFBC}") = "WpfRacunarskaOprema", "WpfRacunarskaOprema\WpfRacunarskaOprema.csproj", "{A14E01CA-96CA-4A9D-A750-60679BF3245A}"
EndProject
Global
	GlobalSection(SolutionConfigurationPlatforms) = preSolution
		Debug|Any CPU = Debug|Any CPU
		Release|Any CPU = Release|Any CPU
	EndGlobalSection
	GlobalSection(ProjectConfigurationPlatforms) = postSolution
		{47D1B78A-F7A3-4D68-81AF-A708320FEB2A}.Debug|Any CPU.ActiveCfg = Debug|Any CPU
		{47D1B78A-F7A3-4D68-81AF-A708320FEB2A}.Debug|Any CPU.Build.0 = Debug|Any CPU
		{47D1B78A-F7A3-4D68-81AF-A708320FEB2A}.Release|Any CPU.ActiveCfg = Release|Any CPU
		{47D1B78A-F7A3-4D68-81AF-A708320FEB2A}.Release|Any CPU.Build.0 = Release|Any CPU
		{FEA375FD-AB50-4DC6-B04E-D95A5E325C1E}.Debug|Any CPU.ActiveCfg = Debug|Any CPU
		{FEA375FD-AB50-4DC6-B04E-D95A5E325C1E}.Debug|Any CPU.Build.0 = Debug|Any CPU
		{FEA375FD-AB50-4DC6-B04E-D95A5E325C1E}.Release|Any CPU.ActiveCfg = Release|Any CPU
		{FEA375FD-AB50-4DC6-B04E-D95A5E325C1E}.Release|Any CPU.Build.0 = Release|Any CPU
		{A14E01CA-96CA-4A9D-A750-60679BF3245A}.Debug|Any CPU.ActiveCfg = Debug|Any CPU
		{A14E01CA-96CA-4A9D-A750-60679BF3245A}.Debug|Any CPU.Build.0 = Debug|Any CPU
		{A14E01CA-96CA-4A9D-A750-60679BF3245A}.Release|Any CPU.ActiveCfg = Release|Any CPU
		{A14E01CA-96CA-4A9D-A750-60679BF3245A}.Release|Any CPU.Build.0 = Release|Any CPU
	EndGlobalSection
	GlobalSection(SolutionProperties) = preSolution
		HideSolutionNode = FALSE
	EndGlobalSection
	GlobalSection(ExtensibilityGlobals) = postSolution
		SolutionGuid = {A82AF3B7-09CB-46E3-B925-6AAAFB031CF2}
	EndGlobalSection
EndGlobal
